
Microsoft Visual Studio Solution File, Format Version 12.00
# Visual Studio Version 17
VisualStudioVersion = 17.9.34607.119
MinimumVisualStudioVersion = 10.0.40219.1
Project("{FAE04EC0-301F-11D3-BF4B-00C04F79EFBC}") = "AppClubFutbol.Server", "AppClubFutbol.Server\AppClubFutbol.Server.csproj", "{5DA9DEFA-18B6-41FE-AAC5-F8795FF07ACA}"
EndProject
Project("{54A90642-561A-4BB1-A94E-469ADEE60C69}") = "appclubfutbol.client", "appclubfutbol.client\appclubfutbol.client.esproj", "{C3328D8F-513A-4186-BA2C-9097FCC30E7D}"
EndProject
Global
	GlobalSection(SolutionConfigurationPlatforms) = preSolution
		Debug|Any CPU = Debug|Any CPU
		Release|Any CPU = Release|Any CPU
	EndGlobalSection
	GlobalSection(ProjectConfigurationPlatforms) = postSolution
		{5DA9DEFA-18B6-41FE-AAC5-F8795FF07ACA}.Debug|Any CPU.ActiveCfg = Debug|Any CPU
		{5DA9DEFA-18B6-41FE-AAC5-F8795FF07ACA}.Debug|Any CPU.Build.0 = Debug|Any CPU
		{5DA9DEFA-18B6-41FE-AAC5-F8795FF07ACA}.Release|Any CPU.ActiveCfg = Release|Any CPU
		{5DA9DEFA-18B6-41FE-AAC5-F8795FF07ACA}.Release|Any CPU.Build.0 = Release|Any CPU
		{C3328D8F-513A-4186-BA2C-9097FCC30E7D}.Debug|Any CPU.ActiveCfg = Debug|Any CPU
		{C3328D8F-513A-4186-BA2C-9097FCC30E7D}.Debug|Any CPU.Build.0 = Debug|Any CPU
		{C3328D8F-513A-4186-BA2C-9097FCC30E7D}.Debug|Any CPU.Deploy.0 = Debug|Any CPU
		{C3328D8F-513A-4186-BA2C-9097FCC30E7D}.Release|Any CPU.ActiveCfg = Release|Any CPU
		{C3328D8F-513A-4186-BA2C-9097FCC30E7D}.Release|Any CPU.Build.0 = Release|Any CPU
		{C3328D8F-513A-4186-BA2C-9097FCC30E7D}.Release|Any CPU.Deploy.0 = Release|Any CPU
	EndGlobalSection
	GlobalSection(SolutionProperties) = preSolution
		HideSolutionNode = FALSE
	EndGlobalSection
	GlobalSection(ExtensibilityGlobals) = postSolution
		SolutionGuid = {6A5FCB52-FB59-4E35-8280-D1A17D4548FD}
	EndGlobalSection
EndGlobal
